
Microsoft Visual Studio Solution File, Format Version 12.00
# Visual Studio 15
VisualStudioVersion = 15.0.26430.16
MinimumVisualStudioVersion = 10.0.40219.1
Project("{9A19103F-16F7-4668-BE54-9A1E7A4F7556}") = "testCore", "testCore\testCore.csproj", "{2A304CB2-7D0F-48B3-836B-BEC8301570EA}"
EndProject
Project("{FAE04EC0-301F-11D3-BF4B-00C04F79EFBC}") = "testCoreWpfApp", "testCoreWpfApp\testCoreWpfApp.csproj", "{FEA7667C-4FBC-49CA-BAE4-E64A58C075B1}"
EndProject
Project("{9A19103F-16F7-4668-BE54-9A1E7A4F7556}") = "testCoreClassLibraryStandard", "testCoreClassLibraryStandard\testCoreClassLibraryStandard.csproj", "{B408B781-CB1D-4B68-8CD1-381AD3B78367}"
EndProject
Project("{FAE04EC0-301F-11D3-BF4B-00C04F79EFBC}") = "WpfAppPrism", "WpfAppPrism\WpfAppPrism.csproj", "{BE82C8CA-496E-4169-B009-62CB6F2078D0}"
EndProject
Project("{FAE04EC0-301F-11D3-BF4B-00C04F79EFBC}") = "WpfCustomControlLibraryPrism", "WpfCustomControlLibraryPrism\WpfCustomControlLibraryPrism.csproj", "{19C1206B-2BC4-43C7-A740-40EA476C7ADB}"
EndProject
Global
	GlobalSection(SolutionConfigurationPlatforms) = preSolution
		Debug|Any CPU = Debug|Any CPU
		Release|Any CPU = Release|Any CPU
	EndGlobalSection
	GlobalSection(ProjectConfigurationPlatforms) = postSolution
		{2A304CB2-7D0F-48B3-836B-BEC8301570EA}.Debug|Any CPU.ActiveCfg = Debug|Any CPU
		{2A304CB2-7D0F-48B3-836B-BEC8301570EA}.Debug|Any CPU.Build.0 = Debug|Any CPU
		{2A304CB2-7D0F-48B3-836B-BEC8301570EA}.Release|Any CPU.ActiveCfg = Release|Any CPU
		{2A304CB2-7D0F-48B3-836B-BEC8301570EA}.Release|Any CPU.Build.0 = Release|Any CPU
		{FEA7667C-4FBC-49CA-BAE4-E64A58C075B1}.Debug|Any CPU.ActiveCfg = Debug|Any CPU
		{FEA7667C-4FBC-49CA-BAE4-E64A58C075B1}.Debug|Any CPU.Build.0 = Debug|Any CPU
		{FEA7667C-4FBC-49CA-BAE4-E64A58C075B1}.Release|Any CPU.ActiveCfg = Release|Any CPU
		{FEA7667C-4FBC-49CA-BAE4-E64A58C075B1}.Release|Any CPU.Build.0 = Release|Any CPU
		{B408B781-CB1D-4B68-8CD1-381AD3B78367}.Debug|Any CPU.ActiveCfg = Debug|Any CPU
		{B408B781-CB1D-4B68-8CD1-381AD3B78367}.Debug|Any CPU.Build.0 = Debug|Any CPU
		{B408B781-CB1D-4B68-8CD1-381AD3B78367}.Release|Any CPU.ActiveCfg = Release|Any CPU
		{B408B781-CB1D-4B68-8CD1-381AD3B78367}.Release|Any CPU.Build.0 = Release|Any CPU
		{BE82C8CA-496E-4169-B009-62CB6F2078D0}.Debug|Any CPU.ActiveCfg = Debug|Any CPU
		{BE82C8CA-496E-4169-B009-62CB6F2078D0}.Debug|Any CPU.Build.0 = Debug|Any CPU
		{BE82C8CA-496E-4169-B009-62CB6F2078D0}.Release|Any CPU.ActiveCfg = Release|Any CPU
		{BE82C8CA-496E-4169-B009-62CB6F2078D0}.Release|Any CPU.Build.0 = Release|Any CPU
		{19C1206B-2BC4-43C7-A740-40EA476C7ADB}.Debug|Any CPU.ActiveCfg = Debug|Any CPU
		{19C1206B-2BC4-43C7-A740-40EA476C7ADB}.Debug|Any CPU.Build.0 = Debug|Any CPU
		{19C1206B-2BC4-43C7-A740-40EA476C7ADB}.Release|Any CPU.ActiveCfg = Release|Any CPU
		{19C1206B-2BC4-43C7-A740-40EA476C7ADB}.Release|Any CPU.Build.0 = Release|Any CPU
	EndGlobalSection
	GlobalSection(SolutionProperties) = preSolution
		HideSolutionNode = FALSE
	EndGlobalSection
EndGlobal
